// !$*UTF8*$!
{
	archiveVersion = 1;
	classes = {
	};
	objectVersion = 56;
	objects = {

/* Begin PBXBuildFile section */
		6C8420DD2AF9BD0800CA92CA /* ExtTVCell.swift in Sources */ = {isa = PBXBuildFile; fileRef = 6C8420DC2AF9BD0800CA92CA /* ExtTVCell.swift */; };
		6CBDDDA12AF981AC00D4D8B5 /* AppDelegate.swift in Sources */ = {isa = PBXBuildFile; fileRef = 6CBDDDA02AF981AC00D4D8B5 /* AppDelegate.swift */; };
		6CBDDDA32AF981AC00D4D8B5 /* SceneDelegate.swift in Sources */ = {isa = PBXBuildFile; fileRef = 6CBDDDA22AF981AC00D4D8B5 /* SceneDelegate.swift */; };
		6CBDDDA82AF981AC00D4D8B5 /* Main.storyboard in Resources */ = {isa = PBXBuildFile; fileRef = 6CBDDDA62AF981AC00D4D8B5 /* Main.storyboard */; };
		6CBDDDAA2AF981AE00D4D8B5 /* Assets.xcassets in Resources */ = {isa = PBXBuildFile; fileRef = 6CBDDDA92AF981AE00D4D8B5 /* Assets.xcassets */; };
		6CBDDDAD2AF981AE00D4D8B5 /* LaunchScreen.storyboard in Resources */ = {isa = PBXBuildFile; fileRef = 6CBDDDAB2AF981AE00D4D8B5 /* LaunchScreen.storyboard */; };
		6CBDDDBB2AF9851A00D4D8B5 /* RealmSwift in Frameworks */ = {isa = PBXBuildFile; productRef = 6CBDDDBA2AF9851A00D4D8B5 /* RealmSwift */; };
		6CBDDDBD2AF9869900D4D8B5 /* TasksListTVC.swift in Sources */ = {isa = PBXBuildFile; fileRef = 6CBDDDBC2AF9869900D4D8B5 /* TasksListTVC.swift */; };
		6CBDDDBF2AF986B300D4D8B5 /* TasksTVC.swift in Sources */ = {isa = PBXBuildFile; fileRef = 6CBDDDBE2AF986B300D4D8B5 /* TasksTVC.swift */; };
		6CBDDDC22AF9874800D4D8B5 /* StorageManager.swift in Sources */ = {isa = PBXBuildFile; fileRef = 6CBDDDC12AF9874800D4D8B5 /* StorageManager.swift */; };
		6CBDDDC42AF98C6600D4D8B5 /* TasksListModel.swift in Sources */ = {isa = PBXBuildFile; fileRef = 6CBDDDC32AF98C6600D4D8B5 /* TasksListModel.swift */; };
		6CBDDDC62AF98C8300D4D8B5 /* TaskModel.swift in Sources */ = {isa = PBXBuildFile; fileRef = 6CBDDDC52AF98C8300D4D8B5 /* TaskModel.swift */; };
/* End PBXBuildFile section */

/* Begin PBXFileReference section */
		6C8420DC2AF9BD0800CA92CA /* ExtTVCell.swift */ = {isa = PBXFileReference; lastKnownFileType = sourcecode.swift; path = ExtTVCell.swift; sourceTree = "<group>"; };
		6CBDDD9D2AF981AC00D4D8B5 /* HW30Realm.app */ = {isa = PBXFileReference; explicitFileType = wrapper.application; includeInIndex = 0; path = HW30Realm.app; sourceTree = BUILT_PRODUCTS_DIR; };
		6CBDDDA02AF981AC00D4D8B5 /* AppDelegate.swift */ = {isa = PBXFileReference; lastKnownFileType = sourcecode.swift; path = AppDelegate.swift; sourceTree = "<group>"; };
		6CBDDDA22AF981AC00D4D8B5 /* SceneDelegate.swift */ = {isa = PBXFileReference; lastKnownFileType = sourcecode.swift; path = SceneDelegate.swift; sourceTree = "<group>"; };
		6CBDDDA72AF981AC00D4D8B5 /* Base */ = {isa = PBXFileReference; lastKnownFileType = file.storyboard; name = Base; path = Base.lproj/Main.storyboard; sourceTree = "<group>"; };
		6CBDDDA92AF981AE00D4D8B5 /* Assets.xcassets */ = {isa = PBXFileReference; lastKnownFileType = folder.assetcatalog; path = Assets.xcassets; sourceTree = "<group>"; };
		6CBDDDAC2AF981AE00D4D8B5 /* Base */ = {isa = PBXFileReference; lastKnownFileType = file.storyboard; name = Base; path = Base.lproj/LaunchScreen.storyboard; sourceTree = "<group>"; };
		6CBDDDAE2AF981AE00D4D8B5 /* Info.plist */ = {isa = PBXFileReference; lastKnownFileType = text.plist.xml; path = Info.plist; sourceTree = "<group>"; };
		6CBDDDBC2AF9869900D4D8B5 /* TasksListTVC.swift */ = {isa = PBXFileReference; lastKnownFileType = sourcecode.swift; path = TasksListTVC.swift; sourceTree = "<group>"; };
		6CBDDDBE2AF986B300D4D8B5 /* TasksTVC.swift */ = {isa = PBXFileReference; lastKnownFileType = sourcecode.swift; path = TasksTVC.swift; sourceTree = "<group>"; };
		6CBDDDC12AF9874800D4D8B5 /* StorageManager.swift */ = {isa = PBXFileReference; lastKnownFileType = sourcecode.swift; path = StorageManager.swift; sourceTree = "<group>"; };
		6CBDDDC32AF98C6600D4D8B5 /* TasksListModel.swift */ = {isa = PBXFileReference; lastKnownFileType = sourcecode.swift; path = TasksListModel.swift; sourceTree = "<group>"; };
		6CBDDDC52AF98C8300D4D8B5 /* TaskModel.swift */ = {isa = PBXFileReference; lastKnownFileType = sourcecode.swift; path = TaskModel.swift; sourceTree = "<group>"; };
/* End PBXFileReference section */

/* Begin PBXFrameworksBuildPhase section */
		6CBDDD9A2AF981AC00D4D8B5 /* Frameworks */ = {
			isa = PBXFrameworksBuildPhase;
			buildActionMask = 2147483647;
			files = (
				6CBDDDBB2AF9851A00D4D8B5 /* RealmSwift in Frameworks */,
			);
			runOnlyForDeploymentPostprocessing = 0;
		};
/* End PBXFrameworksBuildPhase section */

/* Begin PBXGroup section */
		6C8420DB2AF9BCDF00CA92CA /* Extentions */ = {
			isa = PBXGroup;
			children = (
				6C8420DC2AF9BD0800CA92CA /* ExtTVCell.swift */,
			);
			path = Extentions;
			sourceTree = "<group>";
		};
		6CBDDD942AF981AC00D4D8B5 = {
			isa = PBXGroup;
			children = (
				6CBDDD9F2AF981AC00D4D8B5 /* HW30Realm */,
				6CBDDD9E2AF981AC00D4D8B5 /* Products */,
			);
			sourceTree = "<group>";
		};
		6CBDDD9E2AF981AC00D4D8B5 /* Products */ = {
			isa = PBXGroup;
			children = (
				6CBDDD9D2AF981AC00D4D8B5 /* HW30Realm.app */,
			);
			name = Products;
			sourceTree = "<group>";
		};
		6CBDDD9F2AF981AC00D4D8B5 /* HW30Realm */ = {
			isa = PBXGroup;
			children = (
				6CBDDDC02AF9872C00D4D8B5 /* Managers */,
				6CBDDDB82AF9826900D4D8B5 /* Models */,
				6CBDDDB52AF9821A00D4D8B5 /* Conterollers */,
				6CBDDDB62AF9823600D4D8B5 /* Views */,
				6CBDDDAE2AF981AE00D4D8B5 /* Info.plist */,
				6C8420DB2AF9BCDF00CA92CA /* Extentions */,
				6CBDDDB72AF9825000D4D8B5 /* Assets */,
				6CBDDDB42AF9820B00D4D8B5 /* AppDelegates */,
			);
			path = HW30Realm;
			sourceTree = "<group>";
		};
		6CBDDDB42AF9820B00D4D8B5 /* AppDelegates */ = {
			isa = PBXGroup;
			children = (
				6CBDDDA02AF981AC00D4D8B5 /* AppDelegate.swift */,
				6CBDDDA22AF981AC00D4D8B5 /* SceneDelegate.swift */,
			);
			path = AppDelegates;
			sourceTree = "<group>";
		};
		6CBDDDB52AF9821A00D4D8B5 /* Conterollers */ = {
			isa = PBXGroup;
			children = (
				6CBDDDBC2AF9869900D4D8B5 /* TasksListTVC.swift */,
				6CBDDDBE2AF986B300D4D8B5 /* TasksTVC.swift */,
			);
			path = Conterollers;
			sourceTree = "<group>";
		};
		6CBDDDB62AF9823600D4D8B5 /* Views */ = {
			isa = PBXGroup;
			children = (
				6CBDDDA62AF981AC00D4D8B5 /* Main.storyboard */,
				6CBDDDAB2AF981AE00D4D8B5 /* LaunchScreen.storyboard */,
			);
			path = Views;
			sourceTree = "<group>";
		};
		6CBDDDB72AF9825000D4D8B5 /* Assets */ = {
			isa = PBXGroup;
			children = (
				6CBDDDA92AF981AE00D4D8B5 /* Assets.xcassets */,
			);
			path = Assets;
			sourceTree = "<group>";
		};
		6CBDDDB82AF9826900D4D8B5 /* Models */ = {
			isa = PBXGroup;
			children = (
				6CBDDDC32AF98C6600D4D8B5 /* TasksListModel.swift */,
				6CBDDDC52AF98C8300D4D8B5 /* TaskModel.swift */,
			);
			path = Models;
			sourceTree = "<group>";
		};
		6CBDDDC02AF9872C00D4D8B5 /* Managers */ = {
			isa = PBXGroup;
			children = (
				6CBDDDC12AF9874800D4D8B5 /* StorageManager.swift */,
			);
			path = Managers;
			sourceTree = "<group>";
		};
/* End PBXGroup section */

/* Begin PBXNativeTarget section */
		6CBDDD9C2AF981AC00D4D8B5 /* HW30Realm */ = {
			isa = PBXNativeTarget;
			buildConfigurationList = 6CBDDDB12AF981AE00D4D8B5 /* Build configuration list for PBXNativeTarget "HW30Realm" */;
			buildPhases = (
				6CBDDD992AF981AC00D4D8B5 /* Sources */,
				6CBDDD9A2AF981AC00D4D8B5 /* Frameworks */,
				6CBDDD9B2AF981AC00D4D8B5 /* Resources */,
			);
			buildRules = (
			);
			dependencies = (
			);
			name = HW30Realm;
			packageProductDependencies = (
				6CBDDDBA2AF9851A00D4D8B5 /* RealmSwift */,
			);
			productName = HW30Realm;
			productReference = 6CBDDD9D2AF981AC00D4D8B5 /* HW30Realm.app */;
			productType = "com.apple.product-type.application";
		};
/* End PBXNativeTarget section */

/* Begin PBXProject section */
		6CBDDD952AF981AC00D4D8B5 /* Project object */ = {
			isa = PBXProject;
			attributes = {
				BuildIndependentTargetsInParallel = 1;
				LastSwiftUpdateCheck = 1420;
				LastUpgradeCheck = 1420;
				TargetAttributes = {
					6CBDDD9C2AF981AC00D4D8B5 = {
						CreatedOnToolsVersion = 14.2;
					};
				};
			};
			buildConfigurationList = 6CBDDD982AF981AC00D4D8B5 /* Build configuration list for PBXProject "HW30Realm" */;
			compatibilityVersion = "Xcode 14.0";
			developmentRegion = en;
			hasScannedForEncodings = 0;
			knownRegions = (
				en,
				Base,
			);
			mainGroup = 6CBDDD942AF981AC00D4D8B5;
			packageReferences = (
				6CBDDDB92AF9851A00D4D8B5 /* XCRemoteSwiftPackageReference "realm-swift" */,
			);
			productRefGroup = 6CBDDD9E2AF981AC00D4D8B5 /* Products */;
			projectDirPath = "";
			projectRoot = "";
			targets = (
				6CBDDD9C2AF981AC00D4D8B5 /* HW30Realm */,
			);
		};
/* End PBXProject section */

/* Begin PBXResourcesBuildPhase section */
		6CBDDD9B2AF981AC00D4D8B5 /* Resources */ = {
			isa = PBXResourcesBuildPhase;
			buildActionMask = 2147483647;
			files = (
				6CBDDDAD2AF981AE00D4D8B5 /* LaunchScreen.storyboard in Resources */,
				6CBDDDAA2AF981AE00D4D8B5 /* Assets.xcassets in Resources */,
				6CBDDDA82AF981AC00D4D8B5 /* Main.storyboard in Resources */,
			);
			runOnlyForDeploymentPostprocessing = 0;
		};
/* End PBXResourcesBuildPhase section */

/* Begin PBXSourcesBuildPhase section */
		6CBDDD992AF981AC00D4D8B5 /* Sources */ = {
			isa = PBXSourcesBuildPhase;
			buildActionMask = 2147483647;
			files = (
				6CBDDDC42AF98C6600D4D8B5 /* TasksListModel.swift in Sources */,
				6CBDDDBF2AF986B300D4D8B5 /* TasksTVC.swift in Sources */,
				6CBDDDA12AF981AC00D4D8B5 /* AppDelegate.swift in Sources */,
				6CBDDDC22AF9874800D4D8B5 /* StorageManager.swift in Sources */,
				6CBDDDBD2AF9869900D4D8B5 /* TasksListTVC.swift in Sources */,
				6C8420DD2AF9BD0800CA92CA /* ExtTVCell.swift in Sources */,
				6CBDDDA32AF981AC00D4D8B5 /* SceneDelegate.swift in Sources */,
				6CBDDDC62AF98C8300D4D8B5 /* TaskModel.swift in Sources */,
			);
			runOnlyForDeploymentPostprocessing = 0;
		};
/* End PBXSourcesBuildPhase section */

/* Begin PBXVariantGroup section */
		6CBDDDA62AF981AC00D4D8B5 /* Main.storyboard */ = {
			isa = PBXVariantGroup;
			children = (
				6CBDDDA72AF981AC00D4D8B5 /* Base */,
			);
			name = Main.storyboard;
			sourceTree = "<group>";
		};
		6CBDDDAB2AF981AE00D4D8B5 /* LaunchScreen.storyboard */ = {
			isa = PBXVariantGroup;
			children = (
				6CBDDDAC2AF981AE00D4D8B5 /* Base */,
			);
			name = LaunchScreen.storyboard;
			sourceTree = "<group>";
		};
/* End PBXVariantGroup section */

/* Begin XCBuildConfiguration section */
		6CBDDDAF2AF981AE00D4D8B5 /* Debug */ = {
			isa = XCBuildConfiguration;
			buildSettings = {
				ALWAYS_SEARCH_USER_PATHS = NO;
				CLANG_ANALYZER_NONNULL = YES;
				CLANG_ANALYZER_NUMBER_OBJECT_CONVERSION = YES_AGGRESSIVE;
				CLANG_CXX_LANGUAGE_STANDARD = "gnu++20";
				CLANG_ENABLE_MODULES = YES;
				CLANG_ENABLE_OBJC_ARC = YES;
				CLANG_ENABLE_OBJC_WEAK = YES;
				CLANG_WARN_BLOCK_CAPTURE_AUTORELEASING = YES;
				CLANG_WARN_BOOL_CONVERSION = YES;
				CLANG_WARN_COMMA = YES;
				CLANG_WARN_CONSTANT_CONVERSION = YES;
				CLANG_WARN_DEPRECATED_OBJC_IMPLEMENTATIONS = YES;
				CLANG_WARN_DIRECT_OBJC_ISA_USAGE = YES_ERROR;
				CLANG_WARN_DOCUMENTATION_COMMENTS = YES;
				CLANG_WARN_EMPTY_BODY = YES;
				CLANG_WARN_ENUM_CONVERSION = YES;
				CLANG_WARN_INFINITE_RECURSION = YES;
				CLANG_WARN_INT_CONVERSION = YES;
				CLANG_WARN_NON_LITERAL_NULL_CONVERSION = YES;
				CLANG_WARN_OBJC_IMPLICIT_RETAIN_SELF = YES;
				CLANG_WARN_OBJC_LITERAL_CONVERSION = YES;
				CLANG_WARN_OBJC_ROOT_CLASS = YES_ERROR;
				CLANG_WARN_QUOTED_INCLUDE_IN_FRAMEWORK_HEADER = YES;
				CLANG_WARN_RANGE_LOOP_ANALYSIS = YES;
				CLANG_WARN_STRICT_PROTOTYPES = YES;
				CLANG_WARN_SUSPICIOUS_MOVE = YES;
				CLANG_WARN_UNGUARDED_AVAILABILITY = YES_AGGRESSIVE;
				CLANG_WARN_UNREACHABLE_CODE = YES;
				CLANG_WARN__DUPLICATE_METHOD_MATCH = YES;
				COPY_PHASE_STRIP = NO;
				DEBUG_INFORMATION_FORMAT = dwarf;
				ENABLE_STRICT_OBJC_MSGSEND = YES;
				ENABLE_TESTABILITY = YES;
				GCC_C_LANGUAGE_STANDARD = gnu11;
				GCC_DYNAMIC_NO_PIC = NO;
				GCC_NO_COMMON_BLOCKS = YES;
				GCC_OPTIMIZATION_LEVEL = 0;
				GCC_PREPROCESSOR_DEFINITIONS = (
					"DEBUG=1",
					"$(inherited)",
				);
				GCC_WARN_64_TO_32_BIT_CONVERSION = YES;
				GCC_WARN_ABOUT_RETURN_TYPE = YES_ERROR;
				GCC_WARN_UNDECLARED_SELECTOR = YES;
				GCC_WARN_UNINITIALIZED_AUTOS = YES_AGGRESSIVE;
				GCC_WARN_UNUSED_FUNCTION = YES;
				GCC_WARN_UNUSED_VARIABLE = YES;
				IPHONEOS_DEPLOYMENT_TARGET = 15.0;
				MTL_ENABLE_DEBUG_INFO = INCLUDE_SOURCE;
				MTL_FAST_MATH = YES;
				ONLY_ACTIVE_ARCH = YES;
				SDKROOT = iphoneos;
				SWIFT_ACTIVE_COMPILATION_CONDITIONS = DEBUG;
				SWIFT_OPTIMIZATION_LEVEL = "-Onone";
			};
			name = Debug;
		};
		6CBDDDB02AF981AE00D4D8B5 /* Release */ = {
			isa = XCBuildConfiguration;
			buildSettings = {
				ALWAYS_SEARCH_USER_PATHS = NO;
				CLANG_ANALYZER_NONNULL = YES;
				CLANG_ANALYZER_NUMBER_OBJECT_CONVERSION = YES_AGGRESSIVE;
				CLANG_CXX_LANGUAGE_STANDARD = "gnu++20";
				CLANG_ENABLE_MODULES = YES;
				CLANG_ENABLE_OBJC_ARC = YES;
				CLANG_ENABLE_OBJC_WEAK = YES;
				CLANG_WARN_BLOCK_CAPTURE_AUTORELEASING = YES;
				CLANG_WARN_BOOL_CONVERSION = YES;
				CLANG_WARN_COMMA = YES;
				CLANG_WARN_CONSTANT_CONVERSION = YES;
				CLANG_WARN_DEPRECATED_OBJC_IMPLEMENTATIONS = YES;
				CLANG_WARN_DIRECT_OBJC_ISA_USAGE = YES_ERROR;
				CLANG_WARN_DOCUMENTATION_COMMENTS = YES;
				CLANG_WARN_EMPTY_BODY = YES;
				CLANG_WARN_ENUM_CONVERSION = YES;
				CLANG_WARN_INFINITE_RECURSION = YES;
				CLANG_WARN_INT_CONVERSION = YES;
				CLANG_WARN_NON_LITERAL_NULL_CONVERSION = YES;
				CLANG_WARN_OBJC_IMPLICIT_RETAIN_SELF = YES;
				CLANG_WARN_OBJC_LITERAL_CONVERSION = YES;
				CLANG_WARN_OBJC_ROOT_CLASS = YES_ERROR;
				CLANG_WARN_QUOTED_INCLUDE_IN_FRAMEWORK_HEADER = YES;
				CLANG_WARN_RANGE_LOOP_ANALYSIS = YES;
				CLANG_WARN_STRICT_PROTOTYPES = YES;
				CLANG_WARN_SUSPICIOUS_MOVE = YES;
				CLANG_WARN_UNGUARDED_AVAILABILITY = YES_AGGRESSIVE;
				CLANG_WARN_UNREACHABLE_CODE = YES;
				CLANG_WARN__DUPLICATE_METHOD_MATCH = YES;
				COPY_PHASE_STRIP = NO;
				DEBUG_INFORMATION_FORMAT = "dwarf-with-dsym";
				ENABLE_NS_ASSERTIONS = NO;
				ENABLE_STRICT_OBJC_MSGSEND = YES;
				GCC_C_LANGUAGE_STANDARD = gnu11;
				GCC_NO_COMMON_BLOCKS = YES;
				GCC_WARN_64_TO_32_BIT_CONVERSION = YES;
				GCC_WARN_ABOUT_RETURN_TYPE = YES_ERROR;
				GCC_WARN_UNDECLARED_SELECTOR = YES;
				GCC_WARN_UNINITIALIZED_AUTOS = YES_AGGRESSIVE;
				GCC_WARN_UNUSED_FUNCTION = YES;
				GCC_WARN_UNUSED_VARIABLE = YES;
				IPHONEOS_DEPLOYMENT_TARGET = 15.0;
				MTL_ENABLE_DEBUG_INFO = NO;
				MTL_FAST_MATH = YES;
				SDKROOT = iphoneos;
				SWIFT_COMPILATION_MODE = wholemodule;
				SWIFT_OPTIMIZATION_LEVEL = "-O";
				VALIDATE_PRODUCT = YES;
			};
			name = Release;
		};
		6CBDDDB22AF981AE00D4D8B5 /* Debug */ = {
			isa = XCBuildConfiguration;
			buildSettings = {
				ASSETCATALOG_COMPILER_APPICON_NAME = AppIcon;
				ASSETCATALOG_COMPILER_GLOBAL_ACCENT_COLOR_NAME = AccentColor;
				CODE_SIGN_STYLE = Automatic;
				CURRENT_PROJECT_VERSION = 1;
				DEVELOPMENT_TEAM = XS362S4TAX;
				GENERATE_INFOPLIST_FILE = YES;
				INFOPLIST_FILE = HW30Realm/Info.plist;
				INFOPLIST_KEY_UIApplicationSupportsIndirectInputEvents = YES;
				INFOPLIST_KEY_UILaunchStoryboardName = LaunchScreen;
				INFOPLIST_KEY_UIMainStoryboardFile = Main;
				INFOPLIST_KEY_UISupportedInterfaceOrientations_iPad = "UIInterfaceOrientationPortrait UIInterfaceOrientationPortraitUpsideDown UIInterfaceOrientationLandscapeLeft UIInterfaceOrientationLandscapeRight";
				INFOPLIST_KEY_UISupportedInterfaceOrientations_iPhone = "UIInterfaceOrientationPortrait UIInterfaceOrientationLandscapeLeft UIInterfaceOrientationLandscapeRight";
				LD_RUNPATH_SEARCH_PATHS = (
					"$(inherited)",
					"@executable_path/Frameworks",
				);
				MARKETING_VERSION = 1.0;
				PRODUCT_BUNDLE_IDENTIFIER = Vadim.Ignatenko.HW30Realm;
				PRODUCT_NAME = "$(TARGET_NAME)";
				SWIFT_EMIT_LOC_STRINGS = YES;
				SWIFT_VERSION = 5.0;
				TARGETED_DEVICE_FAMILY = "1,2";
			};
			name = Debug;
		};
		6CBDDDB32AF981AE00D4D8B5 /* Release */ = {
			isa = XCBuildConfiguration;
			buildSettings = {
				ASSETCATALOG_COMPILER_APPICON_NAME = AppIcon;
				ASSETCATALOG_COMPILER_GLOBAL_ACCENT_COLOR_NAME = AccentColor;
				CODE_SIGN_STYLE = Automatic;
				CURRENT_PROJECT_VERSION = 1;
				DEVELOPMENT_TEAM = XS362S4TAX;
				GENERATE_INFOPLIST_FILE = YES;
				INFOPLIST_FILE = HW30Realm/Info.plist;
				INFOPLIST_KEY_UIApplicationSupportsIndirectInputEvents = YES;
				INFOPLIST_KEY_UILaunchStoryboardName = LaunchScreen;
				INFOPLIST_KEY_UIMainStoryboardFile = Main;
				INFOPLIST_KEY_UISupportedInterfaceOrientations_iPad = "UIInterfaceOrientationPortrait UIInterfaceOrientationPortraitUpsideDown UIInterfaceOrientationLandscapeLeft UIInterfaceOrientationLandscapeRight";
				INFOPLIST_KEY_UISupportedInterfaceOrientations_iPhone = "UIInterfaceOrientationPortrait UIInterfaceOrientationLandscapeLeft UIInterfaceOrientationLandscapeRight";
				LD_RUNPATH_SEARCH_PATHS = (
					"$(inherited)",
					"@executable_path/Frameworks",
				);
				MARKETING_VERSION = 1.0;
				PRODUCT_BUNDLE_IDENTIFIER = Vadim.Ignatenko.HW30Realm;
				PRODUCT_NAME = "$(TARGET_NAME)";
				SWIFT_EMIT_LOC_STRINGS = YES;
				SWIFT_VERSION = 5.0;
				TARGETED_DEVICE_FAMILY = "1,2";
			};
			name = Release;
		};
/* End XCBuildConfiguration section */

/* Begin XCConfigurationList section */
		6CBDDD982AF981AC00D4D8B5 /* Build configuration list for PBXProject "HW30Realm" */ = {
			isa = XCConfigurationList;
			buildConfigurations = (
				6CBDDDAF2AF981AE00D4D8B5 /* Debug */,
				6CBDDDB02AF981AE00D4D8B5 /* Release */,
			);
			defaultConfigurationIsVisible = 0;
			defaultConfigurationName = Release;
		};
		6CBDDDB12AF981AE00D4D8B5 /* Build configuration list for PBXNativeTarget "HW30Realm" */ = {
			isa = XCConfigurationList;
			buildConfigurations = (
				6CBDDDB22AF981AE00D4D8B5 /* Debug */,
				6CBDDDB32AF981AE00D4D8B5 /* Release */,
			);
			defaultConfigurationIsVisible = 0;
			defaultConfigurationName = Release;
		};
/* End XCConfigurationList section */

/* Begin XCRemoteSwiftPackageReference section */
		6CBDDDB92AF9851A00D4D8B5 /* XCRemoteSwiftPackageReference "realm-swift" */ = {
			isa = XCRemoteSwiftPackageReference;
			repositoryURL = "https://github.com/realm/realm-swift.git";
			requirement = {
				kind = upToNextMajorVersion;
				minimumVersion = 10.44.0;
			};
		};
/* End XCRemoteSwiftPackageReference section */

/* Begin XCSwiftPackageProductDependency section */
		6CBDDDBA2AF9851A00D4D8B5 /* RealmSwift */ = {
			isa = XCSwiftPackageProductDependency;
			package = 6CBDDDB92AF9851A00D4D8B5 /* XCRemoteSwiftPackageReference "realm-swift" */;
			productName = RealmSwift;
		};
/* End XCSwiftPackageProductDependency section */
	};
	rootObject = 6CBDDD952AF981AC00D4D8B5 /* Project object */;
}
